
Microsoft Visual Studio Solution File, Format Version 12.00
# Visual Studio 15
VisualStudioVersion = 15.0.28307.902
MinimumVisualStudioVersion = 10.0.40219.1
Project("{8BC9CEB8-8B4A-11D0-8D11-00A0C91BC942}") = "libuv", "libuv\libuv.vcxproj", "{33066374-88CB-CB8D-15DA-61032886329A}"
EndProject
Project("{8BC9CEB8-8B4A-11D0-8D11-00A0C91BC942}") = "test2_libuv", "test2_libuv\test2_libuv.vcxproj", "{1F13241A-FCB4-4CBE-9FEA-2819779DE6DB}"
	ProjectSection(ProjectDependencies) = postProject
		{33066374-88CB-CB8D-15DA-61032886329A} = {33066374-88CB-CB8D-15DA-61032886329A}
	EndProjectSection
EndProject
Project("{8BC9CEB8-8B4A-11D0-8D11-00A0C91BC942}") = "test1_libuv", "test1_libuv\test_linuv.vcxproj", "{E6DCB3CE-BFA4-4B9D-A834-528F3851CA5A}"
	ProjectSection(ProjectDependencies) = postProject
		{33066374-88CB-CB8D-15DA-61032886329A} = {33066374-88CB-CB8D-15DA-61032886329A}
	EndProjectSection
EndProject
Global
	GlobalSection(SolutionConfigurationPlatforms) = preSolution
		Debug|x64 = Debug|x64
		Debug|x86 = Debug|x86
		Release|x64 = Release|x64
		Release|x86 = Release|x86
	EndGlobalSection
	GlobalSection(ProjectConfigurationPlatforms) = postSolution
		{33066374-88CB-CB8D-15DA-61032886329A}.Debug|x64.ActiveCfg = Debug|Win32
		{33066374-88CB-CB8D-15DA-61032886329A}.Debug|x86.ActiveCfg = Debug|Win32
		{33066374-88CB-CB8D-15DA-61032886329A}.Debug|x86.Build.0 = Debug|Win32
		{33066374-88CB-CB8D-15DA-61032886329A}.Release|x64.ActiveCfg = Release|Win32
		{33066374-88CB-CB8D-15DA-61032886329A}.Release|x86.ActiveCfg = Release|Win32
		{33066374-88CB-CB8D-15DA-61032886329A}.Release|x86.Build.0 = Release|Win32
		{1F13241A-FCB4-4CBE-9FEA-2819779DE6DB}.Debug|x64.ActiveCfg = Debug|Win32
		{1F13241A-FCB4-4CBE-9FEA-2819779DE6DB}.Debug|x86.ActiveCfg = Debug|Win32
		{1F13241A-FCB4-4CBE-9FEA-2819779DE6DB}.Debug|x86.Build.0 = Debug|Win32
		{1F13241A-FCB4-4CBE-9FEA-2819779DE6DB}.Release|x64.ActiveCfg = Release|Win32
		{1F13241A-FCB4-4CBE-9FEA-2819779DE6DB}.Release|x86.ActiveCfg = Release|Win32
		{1F13241A-FCB4-4CBE-9FEA-2819779DE6DB}.Release|x86.Build.0 = Release|Win32
		{E6DCB3CE-BFA4-4B9D-A834-528F3851CA5A}.Debug|x64.ActiveCfg = Debug|Win32
		{E6DCB3CE-BFA4-4B9D-A834-528F3851CA5A}.Debug|x86.ActiveCfg = Debug|Win32
		{E6DCB3CE-BFA4-4B9D-A834-528F3851CA5A}.Debug|x86.Build.0 = Debug|Win32
		{E6DCB3CE-BFA4-4B9D-A834-528F3851CA5A}.Release|x64.ActiveCfg = Release|Win32
		{E6DCB3CE-BFA4-4B9D-A834-528F3851CA5A}.Release|x86.ActiveCfg = Release|Win32
		{E6DCB3CE-BFA4-4B9D-A834-528F3851CA5A}.Release|x86.Build.0 = Release|Win32
	EndGlobalSection
	GlobalSection(SolutionProperties) = preSolution
		HideSolutionNode = FALSE
	EndGlobalSection
	GlobalSection(ExtensibilityGlobals) = postSolution
		SolutionGuid = {FAF5190B-6898-4953-91DB-956945111660}
	EndGlobalSection
EndGlobal
